
Microsoft Visual Studio Solution File, Format Version 12.00
# Visual Studio Version 16
VisualStudioVersion = 16.0.31702.278
MinimumVisualStudioVersion = 10.0.40219.1
Project("{FAE04EC0-301F-11D3-BF4B-00C04F79EFBC}") = "RestServicio", "RestServicio\RestServicio.csproj", "{D81A952A-31B1-4B0B-A3A1-FA4E85C6D005}"
EndProject
Global
	GlobalSection(SolutionConfigurationPlatforms) = preSolution
		Debug|Any CPU = Debug|Any CPU
		Release|Any CPU = Release|Any CPU
	EndGlobalSection
	GlobalSection(ProjectConfigurationPlatforms) = postSolution
		{D81A952A-31B1-4B0B-A3A1-FA4E85C6D005}.Debug|Any CPU.ActiveCfg = Debug|Any CPU
		{D81A952A-31B1-4B0B-A3A1-FA4E85C6D005}.Debug|Any CPU.Build.0 = Debug|Any CPU
		{D81A952A-31B1-4B0B-A3A1-FA4E85C6D005}.Release|Any CPU.ActiveCfg = Release|Any CPU
		{D81A952A-31B1-4B0B-A3A1-FA4E85C6D005}.Release|Any CPU.Build.0 = Release|Any CPU
	EndGlobalSection
	GlobalSection(SolutionProperties) = preSolution
		HideSolutionNode = FALSE
	EndGlobalSection
	GlobalSection(ExtensibilityGlobals) = postSolution
		SolutionGuid = {95F1F989-F2C1-4B17-9AA2-6769D6B7E270}
	EndGlobalSection
EndGlobal
